
Microsoft Visual Studio Solution File, Format Version 12.00
# Visual Studio Version 17
VisualStudioVersion = 17.9.34728.123
MinimumVisualStudioVersion = 10.0.40219.1
Project("{9A19103F-16F7-4668-BE54-9A1E7A4F7556}") = "PokeTestWebApp", "PokeTestWebApp\PokeTestWebApp.csproj", "{40BE8A53-CCE5-409A-8669-B4CFF6C2038D}"
EndProject
Global
	GlobalSection(SolutionConfigurationPlatforms) = preSolution
		Debug|Any CPU = Debug|Any CPU
		Release|Any CPU = Release|Any CPU
	EndGlobalSection
	GlobalSection(ProjectConfigurationPlatforms) = postSolution
		{40BE8A53-CCE5-409A-8669-B4CFF6C2038D}.Debug|Any CPU.ActiveCfg = Debug|Any CPU
		{40BE8A53-CCE5-409A-8669-B4CFF6C2038D}.Debug|Any CPU.Build.0 = Debug|Any CPU
		{40BE8A53-CCE5-409A-8669-B4CFF6C2038D}.Release|Any CPU.ActiveCfg = Release|Any CPU
		{40BE8A53-CCE5-409A-8669-B4CFF6C2038D}.Release|Any CPU.Build.0 = Release|Any CPU
	EndGlobalSection
	GlobalSection(SolutionProperties) = preSolution
		HideSolutionNode = FALSE
	EndGlobalSection
	GlobalSection(ExtensibilityGlobals) = postSolution
		SolutionGuid = {1A3C6385-8385-4E7B-B15F-8041B912420E}
	EndGlobalSection
EndGlobal
